
Microsoft Visual Studio Solution File, Format Version 12.00
# Visual Studio 14
VisualStudioVersion = 14.0.23107.0
MinimumVisualStudioVersion = 10.0.40219.1
Project("{FAE04EC0-301F-11D3-BF4B-00C04F79EFBC}") = "Polar.Web", "Polar.Web\Polar.Web.csproj", "{7BA18FB3-329E-4E14-8F75-F0718D4D886F}"
EndProject
Project("{FAE04EC0-301F-11D3-BF4B-00C04F79EFBC}") = "Polar.Infrastructure", "Polar.Infrastructure\Polar.Infrastructure.csproj", "{83DA1BBD-4F47-45F7-92B0-8388D42CB674}"
EndProject
Project("{FAE04EC0-301F-11D3-BF4B-00C04F79EFBC}") = "Polar.Common", "Polar.Common\Polar.Common.csproj", "{AB8CBF1B-3489-4071-B114-5E5E42AFAB36}"
EndProject
Project("{FAE04EC0-301F-11D3-BF4B-00C04F79EFBC}") = "Polar.Framework", "Polar.Framework\Polar.Framework.csproj", "{DEA6C227-8742-4346-91E1-9000AEED5E4F}"
EndProject
Project("{2150E333-8FDC-42A3-9474-1A3956D46DE8}") = "Applications", "Applications", "{2A0A879D-4AF0-4F48-8B9D-3AAEADEF7E1D}"
EndProject
Project("{FAE04EC0-301F-11D3-BF4B-00C04F79EFBC}") = "CMS", "Polar.Web\Applications\CMS\CMS.csproj", "{0FDC157F-50FB-4CF2-B178-90683EE7E1A5}"
EndProject
Project("{2150E333-8FDC-42A3-9474-1A3956D46DE8}") = "BusinessDomain", "BusinessDomain", "{B0BC87A3-6437-4BE8-AEB5-64E316441D6E}"
EndProject
Project("{2150E333-8FDC-42A3-9474-1A3956D46DE8}") = "InformationResource", "InformationResource", "{0A938E43-056B-4115-8376-C83533145DB2}"
EndProject
Project("{FAE04EC0-301F-11D3-BF4B-00C04F79EFBC}") = "Enterprise", "Polar.Web\Applications\Enterprise\Enterprise.csproj", "{C9538D86-FAE1-4696-94ED-86DB24779004}"
EndProject
Project("{FAE04EC0-301F-11D3-BF4B-00C04F79EFBC}") = "Expert", "Polar.Web\Applications\Expert\Expert.csproj", "{2D27A597-2848-43AD-9824-4C9F77307C00}"
EndProject
Project("{2150E333-8FDC-42A3-9474-1A3956D46DE8}") = "Ebidding", "Ebidding", "{D8074046-B480-40C7-B8BD-E78D56772D0F}"
EndProject
Project("{2150E333-8FDC-42A3-9474-1A3956D46DE8}") = "AdministrativeSupervision", "AdministrativeSupervision", "{8EE20C73-E1E8-4952-992E-2B31EE79C4E3}"
EndProject
Project("{2150E333-8FDC-42A3-9474-1A3956D46DE8}") = "PublicService", "PublicService", "{AF5D06A0-21B5-4093-B54C-CD2DF2ED104F}"
EndProject
Project("{FAE04EC0-301F-11D3-BF4B-00C04F79EFBC}") = "CMS", "BusinessDomain\CMS\CMS.csproj", "{7E4C845F-6D4E-4035-A749-D8E5DC35A966}"
EndProject
Project("{FAE04EC0-301F-11D3-BF4B-00C04F79EFBC}") = "Ecommerce", "Polar.Web\Applications\Ecommerce\Ecommerce.csproj", "{71295F19-55FB-43D3-BD94-299D9B6FD524}"
EndProject
Project("{FAE04EC0-301F-11D3-BF4B-00C04F79EFBC}") = "Transaction", "Polar.Web\Applications\Transaction\Transaction.csproj", "{EA92E1F0-F5F9-439B-A7B1-2BE9E927A46D}"
EndProject
Project("{FAE04EC0-301F-11D3-BF4B-00C04F79EFBC}") = "Payment", "Polar.Web\Applications\Payment\Payment.csproj", "{75101299-6F16-47A5-BF46-88EDD3A541EC}"
EndProject
Global
	GlobalSection(SolutionConfigurationPlatforms) = preSolution
		Debug|Any CPU = Debug|Any CPU
		Release|Any CPU = Release|Any CPU
	EndGlobalSection
	GlobalSection(ProjectConfigurationPlatforms) = postSolution
		{7BA18FB3-329E-4E14-8F75-F0718D4D886F}.Debug|Any CPU.ActiveCfg = Debug|Any CPU
		{7BA18FB3-329E-4E14-8F75-F0718D4D886F}.Debug|Any CPU.Build.0 = Debug|Any CPU
		{7BA18FB3-329E-4E14-8F75-F0718D4D886F}.Release|Any CPU.ActiveCfg = Release|Any CPU
		{7BA18FB3-329E-4E14-8F75-F0718D4D886F}.Release|Any CPU.Build.0 = Release|Any CPU
		{83DA1BBD-4F47-45F7-92B0-8388D42CB674}.Debug|Any CPU.ActiveCfg = Debug|Any CPU
		{83DA1BBD-4F47-45F7-92B0-8388D42CB674}.Debug|Any CPU.Build.0 = Debug|Any CPU
		{83DA1BBD-4F47-45F7-92B0-8388D42CB674}.Release|Any CPU.ActiveCfg = Release|Any CPU
		{83DA1BBD-4F47-45F7-92B0-8388D42CB674}.Release|Any CPU.Build.0 = Release|Any CPU
		{AB8CBF1B-3489-4071-B114-5E5E42AFAB36}.Debug|Any CPU.ActiveCfg = Debug|Any CPU
		{AB8CBF1B-3489-4071-B114-5E5E42AFAB36}.Debug|Any CPU.Build.0 = Debug|Any CPU
		{AB8CBF1B-3489-4071-B114-5E5E42AFAB36}.Release|Any CPU.ActiveCfg = Release|Any CPU
		{AB8CBF1B-3489-4071-B114-5E5E42AFAB36}.Release|Any CPU.Build.0 = Release|Any CPU
		{DEA6C227-8742-4346-91E1-9000AEED5E4F}.Debug|Any CPU.ActiveCfg = Debug|Any CPU
		{DEA6C227-8742-4346-91E1-9000AEED5E4F}.Debug|Any CPU.Build.0 = Debug|Any CPU
		{DEA6C227-8742-4346-91E1-9000AEED5E4F}.Release|Any CPU.ActiveCfg = Release|Any CPU
		{DEA6C227-8742-4346-91E1-9000AEED5E4F}.Release|Any CPU.Build.0 = Release|Any CPU
		{0FDC157F-50FB-4CF2-B178-90683EE7E1A5}.Debug|Any CPU.ActiveCfg = Debug|Any CPU
		{0FDC157F-50FB-4CF2-B178-90683EE7E1A5}.Debug|Any CPU.Build.0 = Debug|Any CPU
		{0FDC157F-50FB-4CF2-B178-90683EE7E1A5}.Release|Any CPU.ActiveCfg = Release|Any CPU
		{0FDC157F-50FB-4CF2-B178-90683EE7E1A5}.Release|Any CPU.Build.0 = Release|Any CPU
		{C9538D86-FAE1-4696-94ED-86DB24779004}.Debug|Any CPU.ActiveCfg = Debug|Any CPU
		{C9538D86-FAE1-4696-94ED-86DB24779004}.Debug|Any CPU.Build.0 = Debug|Any CPU
		{C9538D86-FAE1-4696-94ED-86DB24779004}.Release|Any CPU.ActiveCfg = Release|Any CPU
		{C9538D86-FAE1-4696-94ED-86DB24779004}.Release|Any CPU.Build.0 = Release|Any CPU
		{2D27A597-2848-43AD-9824-4C9F77307C00}.Debug|Any CPU.ActiveCfg = Debug|Any CPU
		{2D27A597-2848-43AD-9824-4C9F77307C00}.Debug|Any CPU.Build.0 = Debug|Any CPU
		{2D27A597-2848-43AD-9824-4C9F77307C00}.Release|Any CPU.ActiveCfg = Release|Any CPU
		{2D27A597-2848-43AD-9824-4C9F77307C00}.Release|Any CPU.Build.0 = Release|Any CPU
		{7E4C845F-6D4E-4035-A749-D8E5DC35A966}.Debug|Any CPU.ActiveCfg = Debug|Any CPU
		{7E4C845F-6D4E-4035-A749-D8E5DC35A966}.Debug|Any CPU.Build.0 = Debug|Any CPU
		{7E4C845F-6D4E-4035-A749-D8E5DC35A966}.Release|Any CPU.ActiveCfg = Release|Any CPU
		{7E4C845F-6D4E-4035-A749-D8E5DC35A966}.Release|Any CPU.Build.0 = Release|Any CPU
		{71295F19-55FB-43D3-BD94-299D9B6FD524}.Debug|Any CPU.ActiveCfg = Debug|Any CPU
		{71295F19-55FB-43D3-BD94-299D9B6FD524}.Debug|Any CPU.Build.0 = Debug|Any CPU
		{71295F19-55FB-43D3-BD94-299D9B6FD524}.Release|Any CPU.ActiveCfg = Release|Any CPU
		{71295F19-55FB-43D3-BD94-299D9B6FD524}.Release|Any CPU.Build.0 = Release|Any CPU
		{EA92E1F0-F5F9-439B-A7B1-2BE9E927A46D}.Debug|Any CPU.ActiveCfg = Debug|Any CPU
		{EA92E1F0-F5F9-439B-A7B1-2BE9E927A46D}.Debug|Any CPU.Build.0 = Debug|Any CPU
		{EA92E1F0-F5F9-439B-A7B1-2BE9E927A46D}.Release|Any CPU.ActiveCfg = Release|Any CPU
		{EA92E1F0-F5F9-439B-A7B1-2BE9E927A46D}.Release|Any CPU.Build.0 = Release|Any CPU
		{75101299-6F16-47A5-BF46-88EDD3A541EC}.Debug|Any CPU.ActiveCfg = Debug|Any CPU
		{75101299-6F16-47A5-BF46-88EDD3A541EC}.Debug|Any CPU.Build.0 = Debug|Any CPU
		{75101299-6F16-47A5-BF46-88EDD3A541EC}.Release|Any CPU.ActiveCfg = Release|Any CPU
		{75101299-6F16-47A5-BF46-88EDD3A541EC}.Release|Any CPU.Build.0 = Release|Any CPU
	EndGlobalSection
	GlobalSection(SolutionProperties) = preSolution
		HideSolutionNode = FALSE
	EndGlobalSection
	GlobalSection(NestedProjects) = preSolution
		{0FDC157F-50FB-4CF2-B178-90683EE7E1A5} = {2A0A879D-4AF0-4F48-8B9D-3AAEADEF7E1D}
		{0A938E43-056B-4115-8376-C83533145DB2} = {2A0A879D-4AF0-4F48-8B9D-3AAEADEF7E1D}
		{C9538D86-FAE1-4696-94ED-86DB24779004} = {0A938E43-056B-4115-8376-C83533145DB2}
		{2D27A597-2848-43AD-9824-4C9F77307C00} = {0A938E43-056B-4115-8376-C83533145DB2}
		{D8074046-B480-40C7-B8BD-E78D56772D0F} = {2A0A879D-4AF0-4F48-8B9D-3AAEADEF7E1D}
		{8EE20C73-E1E8-4952-992E-2B31EE79C4E3} = {2A0A879D-4AF0-4F48-8B9D-3AAEADEF7E1D}
		{AF5D06A0-21B5-4093-B54C-CD2DF2ED104F} = {2A0A879D-4AF0-4F48-8B9D-3AAEADEF7E1D}
		{7E4C845F-6D4E-4035-A749-D8E5DC35A966} = {B0BC87A3-6437-4BE8-AEB5-64E316441D6E}
		{71295F19-55FB-43D3-BD94-299D9B6FD524} = {2A0A879D-4AF0-4F48-8B9D-3AAEADEF7E1D}
		{EA92E1F0-F5F9-439B-A7B1-2BE9E927A46D} = {D8074046-B480-40C7-B8BD-E78D56772D0F}
		{75101299-6F16-47A5-BF46-88EDD3A541EC} = {2A0A879D-4AF0-4F48-8B9D-3AAEADEF7E1D}
	EndGlobalSection
EndGlobal
